
Microsoft Visual Studio Solution File, Format Version 12.00
# Visual Studio Version 16
VisualStudioVersion = 16.0.32901.82
MinimumVisualStudioVersion = 10.0.40219.1
Project("{FAE04EC0-301F-11D3-BF4B-00C04F79EFBC}") = "Analyseur_Syntaxique", "Analyseur_Syntaxique\Analyseur_Syntaxique.csproj", "{8D8DED44-DFBA-4E45-BAC2-2177DF3C84B9}"
EndProject
Global
	GlobalSection(SolutionConfigurationPlatforms) = preSolution
		Debug|Any CPU = Debug|Any CPU
		Release|Any CPU = Release|Any CPU
	EndGlobalSection
	GlobalSection(ProjectConfigurationPlatforms) = postSolution
		{8D8DED44-DFBA-4E45-BAC2-2177DF3C84B9}.Debug|Any CPU.ActiveCfg = Debug|Any CPU
		{8D8DED44-DFBA-4E45-BAC2-2177DF3C84B9}.Debug|Any CPU.Build.0 = Debug|Any CPU
		{8D8DED44-DFBA-4E45-BAC2-2177DF3C84B9}.Release|Any CPU.ActiveCfg = Release|Any CPU
		{8D8DED44-DFBA-4E45-BAC2-2177DF3C84B9}.Release|Any CPU.Build.0 = Release|Any CPU
	EndGlobalSection
	GlobalSection(SolutionProperties) = preSolution
		HideSolutionNode = FALSE
	EndGlobalSection
	GlobalSection(ExtensibilityGlobals) = postSolution
		SolutionGuid = {B1B07F22-7F40-49B4-9CC2-B1C522B4C553}
	EndGlobalSection
EndGlobal
